
Microsoft Visual Studio Solution File, Format Version 12.00
# Visual Studio Version 17
VisualStudioVersion = 17.5.33414.496
MinimumVisualStudioVersion = 10.0.40219.1
Project("{FAE04EC0-301F-11D3-BF4B-00C04F79EFBC}") = "QuanLyBanHang", "QuanLyBanHang\QuanLyBanHang.csproj", "{14D4A954-A113-4B57-AC41-423D0B36229B}"
EndProject
Global
	GlobalSection(SolutionConfigurationPlatforms) = preSolution
		Debug|Any CPU = Debug|Any CPU
		Release|Any CPU = Release|Any CPU
	EndGlobalSection
	GlobalSection(ProjectConfigurationPlatforms) = postSolution
		{14D4A954-A113-4B57-AC41-423D0B36229B}.Debug|Any CPU.ActiveCfg = Debug|Any CPU
		{14D4A954-A113-4B57-AC41-423D0B36229B}.Debug|Any CPU.Build.0 = Debug|Any CPU
		{14D4A954-A113-4B57-AC41-423D0B36229B}.Release|Any CPU.ActiveCfg = Release|Any CPU
		{14D4A954-A113-4B57-AC41-423D0B36229B}.Release|Any CPU.Build.0 = Release|Any CPU
	EndGlobalSection
	GlobalSection(SolutionProperties) = preSolution
		HideSolutionNode = FALSE
	EndGlobalSection
	GlobalSection(ExtensibilityGlobals) = postSolution
		SolutionGuid = {47490D35-6655-4225-A4CF-73A574FD00C4}
	EndGlobalSection
EndGlobal
